github.com/MarceloPetrucio/go-scalar-api-reference v0.0.0-20240521013641-ce5d2efe0e06 h1:W4Yar1SUsPmmA51qoIRb174uDO/Xt3C48MB1YX9Y3vM=
github.com/MarceloPetrucio/go-scalar-api-reference v0.0.0-20240521013641-ce5d2efe0e06/go.mod h1:/wotfjM8I3m8NuIHPz3S8k+CCYH80EqDT8ZeNLqMQm0=
github.com/go-chi/chi/v5 v5.2.3 h1:WQIt9uxdsAbgIYgid+BpYc+liqQZGMHRaUwp0JUcvdE=
github.com/go-chi/chi/v5 v5.2.3/go.mod h1:L2yAIGWB3H+phAw1NxKwWM+7eUH/lU8pOMm5hHcoops=
